// !$*UTF8*$!
{
	archiveVersion = 1;
	classes = {
	};
	objectVersion = 46;
	objects = {
/* Begin PBXBuildFile section */
		0207DA581B56EA530066E2B4 /* Images.xcassets in Resources */ = {isa = PBXBuildFile; fileRef = 0207DA571B56EA530066E2B4 /* Images.xcassets */; };
		1D3623260D0F684500981E51 /* AppDelegate.m in Sources */ = {isa = PBXBuildFile; fileRef = 1D3623250D0F684500981E51 /* AppDelegate.m */; };
		1D60589B0D05DD56006BFB54 /* main.m in Sources */ = {isa = PBXBuildFile; fileRef = 29B97316FDCFA39411CA2CEA /* main.m */; };
		301BF552109A68D80062928A /* libCordova.a in Frameworks */ = {isa = PBXBuildFile; fileRef = 301BF535109A57CC0062928A /* libCordova.a */; };
		302D95F114D2391D003F00A1 /* MainViewController.m in Sources */ = {isa = PBXBuildFile; fileRef = 302D95EF14D2391D003F00A1 /* MainViewController.m */; };
		302D95F214D2391D003F00A1 /* MainViewController.xib in Resources */ = {isa = PBXBuildFile; fileRef = 302D95F014D2391D003F00A1 /* MainViewController.xib */; };
		3047A5121AB8059700498E2A /* build-debug.xcconfig in Resources */ = {isa = PBXBuildFile; fileRef = 3047A50F1AB8059700498E2A /* build-debug.xcconfig */; };
		3047A5131AB8059700498E2A /* build-release.xcconfig in Resources */ = {isa = PBXBuildFile; fileRef = 3047A5101AB8059700498E2A /* build-release.xcconfig */; };
		3047A5141AB8059700498E2A /* build.xcconfig in Resources */ = {isa = PBXBuildFile; fileRef = 3047A5111AB8059700498E2A /* build.xcconfig */; };
		6AFF5BF91D6E424B00AB3073 /* CDVLaunchScreen.storyboard in Resources */ = {isa = PBXBuildFile; fileRef = 6AFF5BF81D6E424B00AB3073 /* CDVLaunchScreen.storyboard */; };
		609CDF5F0C884BB59B50A4E0 /* CDVBattery.m in Sources */ = {isa = PBXBuildFile; fileRef = BCE939861CAE45A78A84A4B1 /* CDVBattery.m */; };
		47A7AAE8321B460CA94F735D /* UIImage+CropScaleOrientation.m in Sources */ = {isa = PBXBuildFile; fileRef = 1BC37ECDC0C949D8BABCD36C /* UIImage+CropScaleOrientation.m */; };
		BA401CF2FF6549FA942EA6E9 /* CDVCamera.m in Sources */ = {isa = PBXBuildFile; fileRef = E5CFBCC5F00F4D62895E256D /* CDVCamera.m */; };
		40B28722099A4736A6D1CE87 /* CDVJpegHeaderWriter.m in Sources */ = {isa = PBXBuildFile; fileRef = 514B06D65F5643F6AF1CA240 /* CDVJpegHeaderWriter.m */; };
		9420FD0FCFDA476F83CBF5ED /* ImageIO.framework in Frameworks */ = {isa = PBXBuildFile; fileRef = 8DCE7880D903491BAAF4F80D /* ImageIO.framework */; settings = {ATTRIBUTES = (Weak, ); }; };
		2889A8782DDA42E3AA758C86 /* CoreLocation.framework in Frameworks */ = {isa = PBXBuildFile; fileRef = 8DDD14E3E07D48F1A5D44746 /* CoreLocation.framework */; };
		1E21207E73BC4E9F983D69A4 /* AVFoundation.framework in Frameworks */ = {isa = PBXBuildFile; fileRef = 27A6D855B71E493381F5CB32 /* AVFoundation.framework */; };
		D615733A5BF44E63BC0628D6 /* CDVLogger.m in Sources */ = {isa = PBXBuildFile; fileRef = 8F66C4D60CAE404293ACCA1A /* CDVLogger.m */; };
		BE0F01DDA6D443259592CA76 /* CDVContacts.m in Sources */ = {isa = PBXBuildFile; fileRef = 50D4EBA6CB5445B5831BA1B1 /* CDVContacts.m */; };
		7AC478989C664F5BAE2FC470 /* CDVContact.m in Sources */ = {isa = PBXBuildFile; fileRef = F112F2D0033F4A46BD552704 /* CDVContact.m */; };
		93CCBEC185AD44C192FBD82A /* AddressBook.framework in Frameworks */ = {isa = PBXBuildFile; fileRef = 9D71F722EBCC4CE7B3A0C3A3 /* AddressBook.framework */; settings = {ATTRIBUTES = (Weak, ); }; };
		8F254E8DA9CB42B5AE14537B /* AddressBookUI.framework in Frameworks */ = {isa = PBXBuildFile; fileRef = EC2F0E24A03E42D988E4158A /* AddressBookUI.framework */; settings = {ATTRIBUTES = (Weak, ); }; };
		CD611BE892F14DDFB32DB59D /* CDVDevice.m in Sources */ = {isa = PBXBuildFile; fileRef = DC227FA06F0E4381B21DA8F1 /* CDVDevice.m */; };
		973C8FC31B06452CABE3E870 /* libz.tbd in Frameworks */ = {isa = PBXBuildFile; fileRef = 738E83D363CA4F00A3D3DAA8 /* libz.tbd */; };
		A5B6B09211674BF89FA31CC6 /* CDVAccelerometer.m in Sources */ = {isa = PBXBuildFile; fileRef = DD2F1070DA0B401F85340536 /* CDVAccelerometer.m */; };
		7F43425EA2A843C1A55E3AC9 /* CoreMotion.framework in Frameworks */ = {isa = PBXBuildFile; fileRef = 6DD0FA9FBE0242EDA39E056B /* CoreMotion.framework */; };
		0386B09C33F846C39C5EBE86 /* CDVCompass.m in Sources */ = {isa = PBXBuildFile; fileRef = 0716A80CF6154CBA8AE0B144 /* CDVCompass.m */; };
		7A37EB3B91074D8480E1C60E /* CDVNotification.m in Sources */ = {isa = PBXBuildFile; fileRef = 60A7BA14ABA74981BBE63CEB /* CDVNotification.m */; };
		51BD056A6E1A41F6994C47B0 /* CDVNotification.bundle in Resources */ = {isa = PBXBuildFile; fileRef = 5225B9FB98CE4D5F91F19794 /* CDVNotification.bundle */; };
		B155A224160C409A8923F1F5 /* AudioToolbox.framework in Frameworks */ = {isa = PBXBuildFile; fileRef = CDD895560CBB4A3BAC936E90 /* AudioToolbox.framework */; settings = {ATTRIBUTES = (Weak, ); }; };
		FE8E917494B84ACE9CBDC87C /* CDVFile.m in Sources */ = {isa = PBXBuildFile; fileRef = 0C6F71B7DC4C459F904FEE0E /* CDVFile.m */; };
		07403EC97F174F7B90BFA8DD /* CDVLocalFilesystem.m in Sources */ = {isa = PBXBuildFile; fileRef = D754D173E69B402EBF105D5B /* CDVLocalFilesystem.m */; };
		0BBEFE3C6DBD42A889E2278B /* CDVAssetLibraryFilesystem.m in Sources */ = {isa = PBXBuildFile; fileRef = BAF86B82DA6A4F0BB4FD42F8 /* CDVAssetLibraryFilesystem.m */; };
		F7F688324AE34601A3D72C0A /* CDVFileTransfer.m in Sources */ = {isa = PBXBuildFile; fileRef = 0698973CC1AD48FEB9D7F60C /* CDVFileTransfer.m */; };
		A48E9AD8666040D687312293 /* CDVLocation.m in Sources */ = {isa = PBXBuildFile; fileRef = F25193B8989D46A68214D48A /* CDVLocation.m */; };
		1E1CCFF8FDE4423E8AF4FDEE /* CDVGlobalization.m in Sources */ = {isa = PBXBuildFile; fileRef = 2D63AF2A84544F4BA5CBD093 /* CDVGlobalization.m */; };
		922308BCAAB343DDA98EB841 /* CDVInAppBrowser.m in Sources */ = {isa = PBXBuildFile; fileRef = 697C1FD797704A1CABBC3ED6 /* CDVInAppBrowser.m */; };
		0B4B99B0162640F8B69DB30D /* CDVSound.m in Sources */ = {isa = PBXBuildFile; fileRef = 1ADAE05722804EF98D14A22B /* CDVSound.m */; };
		C6BB5F721D344862A7F1CA8F /* CDVCapture.m in Sources */ = {isa = PBXBuildFile; fileRef = 8A3E612EF53B40F5BAD11248 /* CDVCapture.m */; };
		326BA508506444B5AB2E65A6 /* CDVCapture.bundle in Resources */ = {isa = PBXBuildFile; fileRef = A1AA348937564150AA2AF95D /* CDVCapture.bundle */; };
		C2304216A40E48C58E862D56 /* CDVConnection.m in Sources */ = {isa = PBXBuildFile; fileRef = E3005732C0804FEA80439891 /* CDVConnection.m */; };
		C24134C4DFB542579349B8AA /* CDVReachability.m in Sources */ = {isa = PBXBuildFile; fileRef = 64DB242C83434C4F8DE4897B /* CDVReachability.m */; };
		203C0735B61449BB8098BDCE /* SystemConfiguration.framework in Frameworks */ = {isa = PBXBuildFile; fileRef = 5AB8AFA0FB164E9491CFEA95 /* SystemConfiguration.framework */; settings = {ATTRIBUTES = (Weak, ); }; };
		2AF88790D7204CD3A2538D14 /* CoreTelephony.framework in Frameworks */ = {isa = PBXBuildFile; fileRef = 1F812F4D3C1F406F946408BF /* CoreTelephony.framework */; };
		5404DA8537E04A7681242E6E /* CDVSplashScreen.m in Sources */ = {isa = PBXBuildFile; fileRef = 3B48B028F3FC4227B230F23B /* CDVSplashScreen.m */; };
		81FA9C552B6546CA8F54E645 /* CDVViewController+SplashScreen.m in Sources */ = {isa = PBXBuildFile; fileRef = 41D8C7A32A4841A8AB3207CF /* CDVViewController+SplashScreen.m */; };
		0CA8E9540EFA4FEDBA0B6E57 /* CDVStatusBar.m in Sources */ = {isa = PBXBuildFile; fileRef = 852CBA7D8C75438F9688A334 /* CDVStatusBar.m */; };
		521E9C9FD49C46E58AE5B628 /* CDVVibration.m in Sources */ = {isa = PBXBuildFile; fileRef = 6F544E5BDB7B424B88F01B7F /* CDVVibration.m */; };
/* End PBXBuildFile section */

/* Begin PBXContainerItemProxy section */
		301BF534109A57CC0062928A /* PBXContainerItemProxy */ = {
			isa = PBXContainerItemProxy;
			containerPortal = 301BF52D109A57CC0062928A /* CordovaLib.xcodeproj */;
			proxyType = 2;
			remoteGlobalIDString = D2AAC07E0554694100DB518D;
			remoteInfo = CordovaLib;
		};
		301BF550109A68C00062928A /* PBXContainerItemProxy */ = {
			isa = PBXContainerItemProxy;
			containerPortal = 301BF52D109A57CC0062928A /* CordovaLib.xcodeproj */;
			proxyType = 1;
			remoteGlobalIDString = D2AAC07D0554694100DB518D;
			remoteInfo = CordovaLib;
		};
/* End PBXContainerItemProxy section */

/* Begin PBXFileReference section */
		0207DA571B56EA530066E2B4 /* Images.xcassets */ = {isa = PBXFileReference; lastKnownFileType = folder.assetcatalog; name = Images.xcassets; path = "FirstApp/Images.xcassets"; sourceTree = SOURCE_ROOT; };
		1D3623240D0F684500981E51 /* AppDelegate.h */ = {isa = PBXFileReference; fileEncoding = 4; lastKnownFileType = sourcecode.c.h; path = AppDelegate.h; sourceTree = "<group>"; };
		1D3623250D0F684500981E51 /* AppDelegate.m */ = {isa = PBXFileReference; fileEncoding = 4; lastKnownFileType = sourcecode.c.objc; path = AppDelegate.m; sourceTree = "<group>"; };
		1D6058910D05DD3D006BFB54 /* FirstApp.app */ = {isa = PBXFileReference; explicitFileType = wrapper.application; includeInIndex = 0; path = "FirstApp.app"; sourceTree = BUILT_PRODUCTS_DIR; };
		29B97316FDCFA39411CA2CEA /* main.m */ = {isa = PBXFileReference; fileEncoding = 4; lastKnownFileType = sourcecode.c.objc; path = main.m; sourceTree = "<group>"; };
		301BF52D109A57CC0062928A /* CordovaLib.xcodeproj */ = {isa = PBXFileReference; lastKnownFileType = "wrapper.pb-project"; name = CordovaLib.xcodeproj; path = CordovaLib/CordovaLib.xcodeproj; sourceTree = "<group>"; };
		301BF56E109A69640062928A /* www */ = {isa = PBXFileReference; lastKnownFileType = folder; path = www; sourceTree = SOURCE_ROOT; };
		302D95EE14D2391D003F00A1 /* MainViewController.h */ = {isa = PBXFileReference; fileEncoding = 4; lastKnownFileType = sourcecode.c.h; path = MainViewController.h; sourceTree = "<group>"; };
		302D95EF14D2391D003F00A1 /* MainViewController.m */ = {isa = PBXFileReference; fileEncoding = 4; lastKnownFileType = sourcecode.c.objc; path = MainViewController.m; sourceTree = "<group>"; };
		302D95F014D2391D003F00A1 /* MainViewController.xib */ = {isa = PBXFileReference; fileEncoding = 4; lastKnownFileType = file.xib; path = MainViewController.xib; sourceTree = "<group>"; };
		3047A50F1AB8059700498E2A /* build-debug.xcconfig */ = {isa = PBXFileReference; fileEncoding = 4; lastKnownFileType = text.xcconfig; name = "build-debug.xcconfig"; path = cordova/build-debug.xcconfig; sourceTree = SOURCE_ROOT; };
		3047A5101AB8059700498E2A /* build-release.xcconfig */ = {isa = PBXFileReference; fileEncoding = 4; lastKnownFileType = text.xcconfig; name = "build-release.xcconfig"; path = cordova/build-release.xcconfig; sourceTree = SOURCE_ROOT; };
		3047A5111AB8059700498E2A /* build.xcconfig */ = {isa = PBXFileReference; fileEncoding = 4; lastKnownFileType = text.xcconfig; name = build.xcconfig; path = cordova/build.xcconfig; sourceTree = SOURCE_ROOT; };
		32CA4F630368D1EE00C91783 /* FirstApp-Prefix.pch */ = {isa = PBXFileReference; fileEncoding = 4; lastKnownFileType = sourcecode.c.h; path = "FirstApp-Prefix.pch"; sourceTree = "<group>"; };
		6AFF5BF81D6E424B00AB3073 /* CDVLaunchScreen.storyboard */ = {isa = PBXFileReference; fileEncoding = 4; lastKnownFileType = file.storyboard; name = CDVLaunchScreen.storyboard; path = "FirstApp/CDVLaunchScreen.storyboard"; sourceTree = SOURCE_ROOT; };
		8D1107310486CEB800E47090 /* FirstApp-Info.plist */ = {isa = PBXFileReference; fileEncoding = 4; lastKnownFileType = text.plist.xml; name = "FirstApp-Info.plist"; path = "FirstApp/FirstApp-Info.plist"; plistStructureDefinitionIdentifier = "com.apple.xcode.plist.structure-definition.iphone.info-plist"; sourceTree = SOURCE_ROOT; };
		EB87FDF31871DA8E0020F90C /* www */ = {isa = PBXFileReference; lastKnownFileType = folder; name = www; path = ../../www; sourceTree = "<group>"; };
		EB87FDF41871DAF40020F90C /* config.xml */ = {isa = PBXFileReference; lastKnownFileType = text.xml; name = config.xml; path = ../../config.xml; sourceTree = "<group>"; };
		F840E1F0165FE0F500CFE078 /* config.xml */ = {isa = PBXFileReference; lastKnownFileType = text.xml; name = config.xml; path = "FirstApp/config.xml"; sourceTree = "<group>"; };
		ED33DF2A687741AEAF9F8254 /* Bridging-Header.h */ = {isa = PBXFileReference; fileEncoding = 4; lastKnownFileType = sourcecode.c.h; name = "Bridging-Header.h"; path = "Bridging-Header.h"; sourceTree = "<group>"; };
		BCE939861CAE45A78A84A4B1 /* CDVBattery.m */ = {isa = PBXFileReference; name = "CDVBattery.m"; path = "cordova-plugin-battery-status/CDVBattery.m"; sourceTree = "<group>"; fileEncoding = 4; lastKnownFileType = sourcecode.c.objc; explicitFileType = undefined; includeInIndex = 0; };
		F4F1538883804579800A1A60 /* CDVBattery.h */ = {isa = PBXFileReference; name = "CDVBattery.h"; path = "cordova-plugin-battery-status/CDVBattery.h"; sourceTree = "<group>"; fileEncoding = 4; lastKnownFileType = sourcecode.c.h; explicitFileType = undefined; includeInIndex = 0; };
		1BC37ECDC0C949D8BABCD36C /* UIImage+CropScaleOrientation.m */ = {isa = PBXFileReference; name = "UIImage+CropScaleOrientation.m"; path = "cordova-plugin-camera/UIImage+CropScaleOrientation.m"; sourceTree = "<group>"; fileEncoding = 4; lastKnownFileType = sourcecode.c.objc; explicitFileType = undefined; includeInIndex = 0; };
		E5CFBCC5F00F4D62895E256D /* CDVCamera.m */ = {isa = PBXFileReference; name = "CDVCamera.m"; path = "cordova-plugin-camera/CDVCamera.m"; sourceTree = "<group>"; fileEncoding = 4; lastKnownFileType = sourcecode.c.objc; explicitFileType = undefined; includeInIndex = 0; };
		514B06D65F5643F6AF1CA240 /* CDVJpegHeaderWriter.m */ = {isa = PBXFileReference; name = "CDVJpegHeaderWriter.m"; path = "cordova-plugin-camera/CDVJpegHeaderWriter.m"; sourceTree = "<group>"; fileEncoding = 4; lastKnownFileType = sourcecode.c.objc; explicitFileType = undefined; includeInIndex = 0; };
		C03EC3679F02482DB5BCA771 /* UIImage+CropScaleOrientation.h */ = {isa = PBXFileReference; name = "UIImage+CropScaleOrientation.h"; path = "cordova-plugin-camera/UIImage+CropScaleOrientation.h"; sourceTree = "<group>"; fileEncoding = 4; lastKnownFileType = sourcecode.c.h; explicitFileType = undefined; includeInIndex = 0; };
		FE3D1248CAEF41EFB7A8BC9F /* CDVCamera.h */ = {isa = PBXFileReference; name = "CDVCamera.h"; path = "cordova-plugin-camera/CDVCamera.h"; sourceTree = "<group>"; fileEncoding = 4; lastKnownFileType = sourcecode.c.h; explicitFileType = undefined; includeInIndex = 0; };
		48280A68641143E4BAB3F73A /* CDVJpegHeaderWriter.h */ = {isa = PBXFileReference; name = "CDVJpegHeaderWriter.h"; path = "cordova-plugin-camera/CDVJpegHeaderWriter.h"; sourceTree = "<group>"; fileEncoding = 4; lastKnownFileType = sourcecode.c.h; explicitFileType = undefined; includeInIndex = 0; };
		B23BA722F4834BFBA5DAFEF2 /* CDVExif.h */ = {isa = PBXFileReference; name = "CDVExif.h"; path = "cordova-plugin-camera/CDVExif.h"; sourceTree = "<group>"; fileEncoding = 4; lastKnownFileType = sourcecode.c.h; explicitFileType = undefined; includeInIndex = 0; };
		8DCE7880D903491BAAF4F80D /* ImageIO.framework */ = {isa = PBXFileReference; name = "ImageIO.framework"; path = "System/Library/Frameworks/ImageIO.framework"; sourceTree = SDKROOT; fileEncoding = undefined; lastKnownFileType = wrapper.framework; explicitFileType = undefined; includeInIndex = 0; };
		8DDD14E3E07D48F1A5D44746 /* CoreLocation.framework */ = {isa = PBXFileReference; name = "CoreLocation.framework"; path = "System/Library/Frameworks/CoreLocation.framework"; sourceTree = SDKROOT; fileEncoding = undefined; lastKnownFileType = wrapper.framework; explicitFileType = undefined; includeInIndex = 0; };
		27A6D855B71E493381F5CB32 /* AVFoundation.framework */ = {isa = PBXFileReference; name = "AVFoundation.framework"; path = "System/Library/Frameworks/AVFoundation.framework"; sourceTree = SDKROOT; fileEncoding = undefined; lastKnownFileType = wrapper.framework; explicitFileType = undefined; includeInIndex = 0; };
		8F66C4D60CAE404293ACCA1A /* CDVLogger.m */ = {isa = PBXFileReference; name = "CDVLogger.m"; path = "cordova-plugin-console/CDVLogger.m"; sourceTree = "<group>"; fileEncoding = 4; lastKnownFileType = sourcecode.c.objc; explicitFileType = undefined; includeInIndex = 0; };
		9094B2421F6341C49896C9E1 /* CDVLogger.h */ = {isa = PBXFileReference; name = "CDVLogger.h"; path = "cordova-plugin-console/CDVLogger.h"; sourceTree = "<group>"; fileEncoding = 4; lastKnownFileType = sourcecode.c.h; explicitFileType = undefined; includeInIndex = 0; };
		50D4EBA6CB5445B5831BA1B1 /* CDVContacts.m */ = {isa = PBXFileReference; name = "CDVContacts.m"; path = "cordova-plugin-contacts/CDVContacts.m"; sourceTree = "<group>"; fileEncoding = 4; lastKnownFileType = sourcecode.c.objc; explicitFileType = undefined; includeInIndex = 0; };
		F112F2D0033F4A46BD552704 /* CDVContact.m */ = {isa = PBXFileReference; name = "CDVContact.m"; path = "cordova-plugin-contacts/CDVContact.m"; sourceTree = "<group>"; fileEncoding = 4; lastKnownFileType = sourcecode.c.objc; explicitFileType = undefined; includeInIndex = 0; };
		6E5961A374674412AA480EE7 /* CDVContacts.h */ = {isa = PBXFileReference; name = "CDVContacts.h"; path = "cordova-plugin-contacts/CDVContacts.h"; sourceTree = "<group>"; fileEncoding = 4; lastKnownFileType = sourcecode.c.h; explicitFileType = undefined; includeInIndex = 0; };
		8E4142E67C6C46EFB3FA3506 /* CDVContact.h */ = {isa = PBXFileReference; name = "CDVContact.h"; path = "cordova-plugin-contacts/CDVContact.h"; sourceTree = "<group>"; fileEncoding = 4; lastKnownFileType = sourcecode.c.h; explicitFileType = undefined; includeInIndex = 0; };
		9D71F722EBCC4CE7B3A0C3A3 /* AddressBook.framework */ = {isa = PBXFileReference; name = "AddressBook.framework"; path = "System/Library/Frameworks/AddressBook.framework"; sourceTree = SDKROOT; fileEncoding = undefined; lastKnownFileType = wrapper.framework; explicitFileType = undefined; includeInIndex = 0; };
		EC2F0E24A03E42D988E4158A /* AddressBookUI.framework */ = {isa = PBXFileReference; name = "AddressBookUI.framework"; path = "System/Library/Frameworks/AddressBookUI.framework"; sourceTree = SDKROOT; fileEncoding = undefined; lastKnownFileType = wrapper.framework; explicitFileType = undefined; includeInIndex = 0; };
		DC227FA06F0E4381B21DA8F1 /* CDVDevice.m */ = {isa = PBXFileReference; name = "CDVDevice.m"; path = "cordova-plugin-device/CDVDevice.m"; sourceTree = "<group>"; fileEncoding = 4; lastKnownFileType = sourcecode.c.objc; explicitFileType = undefined; includeInIndex = 0; };
		8D59802670E942389034A502 /* CDVDevice.h */ = {isa = PBXFileReference; name = "CDVDevice.h"; path = "cordova-plugin-device/CDVDevice.h"; sourceTree = "<group>"; fileEncoding = 4; lastKnownFileType = sourcecode.c.h; explicitFileType = undefined; includeInIndex = 0; };
		738E83D363CA4F00A3D3DAA8 /* libz.tbd */ = {isa = PBXFileReference; name = "libz.tbd"; path = "usr/lib/libz.tbd"; sourceTree = SDKROOT; fileEncoding = undefined; lastKnownFileType = sourcecode.text-based-dylib-definition; explicitFileType = undefined; includeInIndex = 0; };
		DD2F1070DA0B401F85340536 /* CDVAccelerometer.m */ = {isa = PBXFileReference; name = "CDVAccelerometer.m"; path = "cordova-plugin-device-motion/CDVAccelerometer.m"; sourceTree = "<group>"; fileEncoding = 4; lastKnownFileType = sourcecode.c.objc; explicitFileType = undefined; includeInIndex = 0; };
		3D4A1794789A47E18D7506AE /* CDVAccelerometer.h */ = {isa = PBXFileReference; name = "CDVAccelerometer.h"; path = "cordova-plugin-device-motion/CDVAccelerometer.h"; sourceTree = "<group>"; fileEncoding = 4; lastKnownFileType = sourcecode.c.h; explicitFileType = undefined; includeInIndex = 0; };
		6DD0FA9FBE0242EDA39E056B /* CoreMotion.framework */ = {isa = PBXFileReference; name = "CoreMotion.framework"; path = "System/Library/Frameworks/CoreMotion.framework"; sourceTree = SDKROOT; fileEncoding = undefined; lastKnownFileType = wrapper.framework; explicitFileType = undefined; includeInIndex = 0; };
		0716A80CF6154CBA8AE0B144 /* CDVCompass.m */ = {isa = PBXFileReference; name = "CDVCompass.m"; path = "cordova-plugin-device-orientation/CDVCompass.m"; sourceTree = "<group>"; fileEncoding = 4; lastKnownFileType = sourcecode.c.objc; explicitFileType = undefined; includeInIndex = 0; };
		EAAA2159F95B4DDBA85EEC01 /* CDVCompass.h */ = {isa = PBXFileReference; name = "CDVCompass.h"; path = "cordova-plugin-device-orientation/CDVCompass.h"; sourceTree = "<group>"; fileEncoding = 4; lastKnownFileType = sourcecode.c.h; explicitFileType = undefined; includeInIndex = 0; };
		60A7BA14ABA74981BBE63CEB /* CDVNotification.m */ = {isa = PBXFileReference; name = "CDVNotification.m"; path = "cordova-plugin-dialogs/CDVNotification.m"; sourceTree = "<group>"; fileEncoding = 4; lastKnownFileType = sourcecode.c.objc; explicitFileType = undefined; includeInIndex = 0; };
		470333BFEB984EE299B9CFBA /* CDVNotification.h */ = {isa = PBXFileReference; name = "CDVNotification.h"; path = "cordova-plugin-dialogs/CDVNotification.h"; sourceTree = "<group>"; fileEncoding = 4; lastKnownFileType = sourcecode.c.h; explicitFileType = undefined; includeInIndex = 0; };
		5225B9FB98CE4D5F91F19794 /* CDVNotification.bundle */ = {isa = PBXFileReference; name = "CDVNotification.bundle"; path = "CDVNotification.bundle"; sourceTree = "<group>"; fileEncoding = undefined; lastKnownFileType = wrapper.plug-in; explicitFileType = undefined; includeInIndex = 0; };
		CDD895560CBB4A3BAC936E90 /* AudioToolbox.framework */ = {isa = PBXFileReference; name = "AudioToolbox.framework"; path = "System/Library/Frameworks/AudioToolbox.framework"; sourceTree = SDKROOT; fileEncoding = undefined; lastKnownFileType = wrapper.framework; explicitFileType = undefined; includeInIndex = 0; };
		0C6F71B7DC4C459F904FEE0E /* CDVFile.m */ = {isa = PBXFileReference; name = "CDVFile.m"; path = "cordova-plugin-file/CDVFile.m"; sourceTree = "<group>"; fileEncoding = 4; lastKnownFileType = sourcecode.c.objc; explicitFileType = undefined; includeInIndex = 0; };
		D754D173E69B402EBF105D5B /* CDVLocalFilesystem.m */ = {isa = PBXFileReference; name = "CDVLocalFilesystem.m"; path = "cordova-plugin-file/CDVLocalFilesystem.m"; sourceTree = "<group>"; fileEncoding = 4; lastKnownFileType = sourcecode.c.objc; explicitFileType = undefined; includeInIndex = 0; };
		BAF86B82DA6A4F0BB4FD42F8 /* CDVAssetLibraryFilesystem.m */ = {isa = PBXFileReference; name = "CDVAssetLibraryFilesystem.m"; path = "cordova-plugin-file/CDVAssetLibraryFilesystem.m"; sourceTree = "<group>"; fileEncoding = 4; lastKnownFileType = sourcecode.c.objc; explicitFileType = undefined; includeInIndex = 0; };
		5ABBD1C69FE844CD8A96F2F4 /* CDVFile.h */ = {isa = PBXFileReference; name = "CDVFile.h"; path = "cordova-plugin-file/CDVFile.h"; sourceTree = "<group>"; fileEncoding = 4; lastKnownFileType = sourcecode.c.h; explicitFileType = undefined; includeInIndex = 0; };
		B0B8FDC575FA4864BD8E7CA1 /* CDVLocalFilesystem.h */ = {isa = PBXFileReference; name = "CDVLocalFilesystem.h"; path = "cordova-plugin-file/CDVLocalFilesystem.h"; sourceTree = "<group>"; fileEncoding = 4; lastKnownFileType = sourcecode.c.h; explicitFileType = undefined; includeInIndex = 0; };
		FB82385CAD3D41DFB3E28428 /* CDVAssetLibraryFilesystem.h */ = {isa = PBXFileReference; name = "CDVAssetLibraryFilesystem.h"; path = "cordova-plugin-file/CDVAssetLibraryFilesystem.h"; sourceTree = "<group>"; fileEncoding = 4; lastKnownFileType = sourcecode.c.h; explicitFileType = undefined; includeInIndex = 0; };
		0698973CC1AD48FEB9D7F60C /* CDVFileTransfer.m */ = {isa = PBXFileReference; name = "CDVFileTransfer.m"; path = "cordova-plugin-file-transfer/CDVFileTransfer.m"; sourceTree = "<group>"; fileEncoding = 4; lastKnownFileType = sourcecode.c.objc; explicitFileType = undefined; includeInIndex = 0; };
		6BD726832F2C4CCABF104DE7 /* CDVFileTransfer.h */ = {isa = PBXFileReference; name = "CDVFileTransfer.h"; path = "cordova-plugin-file-transfer/CDVFileTransfer.h"; sourceTree = "<group>"; fileEncoding = 4; lastKnownFileType = sourcecode.c.h; explicitFileType = undefined; includeInIndex = 0; };
		F25193B8989D46A68214D48A /* CDVLocation.m */ = {isa = PBXFileReference; name = "CDVLocation.m"; path = "cordova-plugin-geolocation/CDVLocation.m"; sourceTree = "<group>"; fileEncoding = 4; lastKnownFileType = sourcecode.c.objc; explicitFileType = undefined; includeInIndex = 0; };
		E6789CE298AD43F39D8DF88B /* CDVLocation.h */ = {isa = PBXFileReference; name = "CDVLocation.h"; path = "cordova-plugin-geolocation/CDVLocation.h"; sourceTree = "<group>"; fileEncoding = 4; lastKnownFileType = sourcecode.c.h; explicitFileType = undefined; includeInIndex = 0; };
		2D63AF2A84544F4BA5CBD093 /* CDVGlobalization.m */ = {isa = PBXFileReference; name = "CDVGlobalization.m"; path = "cordova-plugin-globalization/CDVGlobalization.m"; sourceTree = "<group>"; fileEncoding = 4; lastKnownFileType = sourcecode.c.objc; explicitFileType = undefined; includeInIndex = 0; };
		2C7C2BE563A246659E1C5B58 /* CDVGlobalization.h */ = {isa = PBXFileReference; name = "CDVGlobalization.h"; path = "cordova-plugin-globalization/CDVGlobalization.h"; sourceTree = "<group>"; fileEncoding = 4; lastKnownFileType = sourcecode.c.h; explicitFileType = undefined; includeInIndex = 0; };
		697C1FD797704A1CABBC3ED6 /* CDVInAppBrowser.m */ = {isa = PBXFileReference; name = "CDVInAppBrowser.m"; path = "cordova-plugin-inappbrowser/CDVInAppBrowser.m"; sourceTree = "<group>"; fileEncoding = 4; lastKnownFileType = sourcecode.c.objc; explicitFileType = undefined; includeInIndex = 0; };
		9C047250B566438894A8A11F /* CDVInAppBrowser.h */ = {isa = PBXFileReference; name = "CDVInAppBrowser.h"; path = "cordova-plugin-inappbrowser/CDVInAppBrowser.h"; sourceTree = "<group>"; fileEncoding = 4; lastKnownFileType = sourcecode.c.h; explicitFileType = undefined; includeInIndex = 0; };
		1ADAE05722804EF98D14A22B /* CDVSound.m */ = {isa = PBXFileReference; name = "CDVSound.m"; path = "cordova-plugin-media/CDVSound.m"; sourceTree = "<group>"; fileEncoding = 4; lastKnownFileType = sourcecode.c.objc; explicitFileType = undefined; includeInIndex = 0; };
		B1D4B6E90C0D4049B3FAC138 /* CDVSound.h */ = {isa = PBXFileReference; name = "CDVSound.h"; path = "cordova-plugin-media/CDVSound.h"; sourceTree = "<group>"; fileEncoding = 4; lastKnownFileType = sourcecode.c.h; explicitFileType = undefined; includeInIndex = 0; };
		8A3E612EF53B40F5BAD11248 /* CDVCapture.m */ = {isa = PBXFileReference; name = "CDVCapture.m"; path = "cordova-plugin-media-capture/CDVCapture.m"; sourceTree = "<group>"; fileEncoding = 4; lastKnownFileType = sourcecode.c.objc; explicitFileType = undefined; includeInIndex = 0; };
		2E39AD97AE9041349A718019 /* CDVCapture.h */ = {isa = PBXFileReference; name = "CDVCapture.h"; path = "cordova-plugin-media-capture/CDVCapture.h"; sourceTree = "<group>"; fileEncoding = 4; lastKnownFileType = sourcecode.c.h; explicitFileType = undefined; includeInIndex = 0; };
		A1AA348937564150AA2AF95D /* CDVCapture.bundle */ = {isa = PBXFileReference; name = "CDVCapture.bundle"; path = "CDVCapture.bundle"; sourceTree = "<group>"; fileEncoding = undefined; lastKnownFileType = wrapper.plug-in; explicitFileType = undefined; includeInIndex = 0; };
		E3005732C0804FEA80439891 /* CDVConnection.m */ = {isa = PBXFileReference; name = "CDVConnection.m"; path = "cordova-plugin-network-information/CDVConnection.m"; sourceTree = "<group>"; fileEncoding = 4; lastKnownFileType = sourcecode.c.objc; explicitFileType = undefined; includeInIndex = 0; };
		64DB242C83434C4F8DE4897B /* CDVReachability.m */ = {isa = PBXFileReference; name = "CDVReachability.m"; path = "cordova-plugin-network-information/CDVReachability.m"; sourceTree = "<group>"; fileEncoding = 4; lastKnownFileType = sourcecode.c.objc; explicitFileType = undefined; includeInIndex = 0; };
		6A0D14BBD7C34436947DAA48 /* CDVConnection.h */ = {isa = PBXFileReference; name = "CDVConnection.h"; path = "cordova-plugin-network-information/CDVConnection.h"; sourceTree = "<group>"; fileEncoding = 4; lastKnownFileType = sourcecode.c.h; explicitFileType = undefined; includeInIndex = 0; };
		97F42828B4704D5991279F1C /* CDVReachability.h */ = {isa = PBXFileReference; name = "CDVReachability.h"; path = "cordova-plugin-network-information/CDVReachability.h"; sourceTree = "<group>"; fileEncoding = 4; lastKnownFileType = sourcecode.c.h; explicitFileType = undefined; includeInIndex = 0; };
		5AB8AFA0FB164E9491CFEA95 /* SystemConfiguration.framework */ = {isa = PBXFileReference; name = "SystemConfiguration.framework"; path = "System/Library/Frameworks/SystemConfiguration.framework"; sourceTree = SDKROOT; fileEncoding = undefined; lastKnownFileType = wrapper.framework; explicitFileType = undefined; includeInIndex = 0; };
		1F812F4D3C1F406F946408BF /* CoreTelephony.framework */ = {isa = PBXFileReference; name = "CoreTelephony.framework"; path = "System/Library/Frameworks/CoreTelephony.framework"; sourceTree = SDKROOT; fileEncoding = undefined; lastKnownFileType = wrapper.framework; explicitFileType = undefined; includeInIndex = 0; };
		3B48B028F3FC4227B230F23B /* CDVSplashScreen.m */ = {isa = PBXFileReference; name = "CDVSplashScreen.m"; path = "cordova-plugin-splashscreen/CDVSplashScreen.m"; sourceTree = "<group>"; fileEncoding = 4; lastKnownFileType = sourcecode.c.objc; explicitFileType = undefined; includeInIndex = 0; };
		41D8C7A32A4841A8AB3207CF /* CDVViewController+SplashScreen.m */ = {isa = PBXFileReference; name = "CDVViewController+SplashScreen.m"; path = "cordova-plugin-splashscreen/CDVViewController+SplashScreen.m"; sourceTree = "<group>"; fileEncoding = 4; lastKnownFileType = sourcecode.c.objc; explicitFileType = undefined; includeInIndex = 0; };
		E8A16BCC26E94F5DA8000148 /* CDVSplashScreen.h */ = {isa = PBXFileReference; name = "CDVSplashScreen.h"; path = "cordova-plugin-splashscreen/CDVSplashScreen.h"; sourceTree = "<group>"; fileEncoding = 4; lastKnownFileType = sourcecode.c.h; explicitFileType = undefined; includeInIndex = 0; };
		A608046E0345414BA84A63D0 /* CDVViewController+SplashScreen.h */ = {isa = PBXFileReference; name = "CDVViewController+SplashScreen.h"; path = "cordova-plugin-splashscreen/CDVViewController+SplashScreen.h"; sourceTree = "<group>"; fileEncoding = 4; lastKnownFileType = sourcecode.c.h; explicitFileType = undefined; includeInIndex = 0; };
		852CBA7D8C75438F9688A334 /* CDVStatusBar.m */ = {isa = PBXFileReference; name = "CDVStatusBar.m"; path = "cordova-plugin-statusbar/CDVStatusBar.m"; sourceTree = "<group>"; fileEncoding = 4; lastKnownFileType = sourcecode.c.objc; explicitFileType = undefined; includeInIndex = 0; };
		A7F7D8D90FCE486D96B85CFD /* CDVStatusBar.h */ = {isa = PBXFileReference; name = "CDVStatusBar.h"; path = "cordova-plugin-statusbar/CDVStatusBar.h"; sourceTree = "<group>"; fileEncoding = 4; lastKnownFileType = sourcecode.c.h; explicitFileType = undefined; includeInIndex = 0; };
		6F544E5BDB7B424B88F01B7F /* CDVVibration.m */ = {isa = PBXFileReference; name = "CDVVibration.m"; path = "cordova-plugin-vibration/CDVVibration.m"; sourceTree = "<group>"; fileEncoding = 4; lastKnownFileType = sourcecode.c.objc; explicitFileType = undefined; includeInIndex = 0; };
		09CCDC0280134EC0A0D481CB /* CDVVibration.h */ = {isa = PBXFileReference; name = "CDVVibration.h"; path = "cordova-plugin-vibration/CDVVibration.h"; sourceTree = "<group>"; fileEncoding = 4; lastKnownFileType = sourcecode.c.h; explicitFileType = undefined; includeInIndex = 0; };
/* End PBXFileReference section */

/* Begin PBXFrameworksBuildPhase section */
		1D60588F0D05DD3D006BFB54 /* Frameworks */ = {
			isa = PBXFrameworksBuildPhase;
			buildActionMask = 2147483647;
			files = (
				301BF552109A68D80062928A /* libCordova.a in Frameworks */,
				9420FD0FCFDA476F83CBF5ED /* ImageIO.framework in Frameworks */,
				2889A8782DDA42E3AA758C86 /* CoreLocation.framework in Frameworks */,
				1E21207E73BC4E9F983D69A4 /* AVFoundation.framework in Frameworks */,
				93CCBEC185AD44C192FBD82A /* AddressBook.framework in Frameworks */,
				8F254E8DA9CB42B5AE14537B /* AddressBookUI.framework in Frameworks */,
				973C8FC31B06452CABE3E870 /* libz.tbd in Frameworks */,
				7F43425EA2A843C1A55E3AC9 /* CoreMotion.framework in Frameworks */,
				B155A224160C409A8923F1F5 /* AudioToolbox.framework in Frameworks */,
				203C0735B61449BB8098BDCE /* SystemConfiguration.framework in Frameworks */,
				2AF88790D7204CD3A2538D14 /* CoreTelephony.framework in Frameworks */,
			);
			runOnlyForDeploymentPostprocessing = 0;
		};
/* End PBXFrameworksBuildPhase section */

/* Begin PBXGroup section */
		080E96DDFE201D6D7F000001 /* Classes */ = {
			isa = PBXGroup;
			children = (
				302D95EE14D2391D003F00A1 /* MainViewController.h */,
				302D95EF14D2391D003F00A1 /* MainViewController.m */,
				302D95F014D2391D003F00A1 /* MainViewController.xib */,
				1D3623240D0F684500981E51 /* AppDelegate.h */,
				1D3623250D0F684500981E51 /* AppDelegate.m */,
			);
			name = Classes;
			path = "FirstApp/Classes";
			sourceTree = SOURCE_ROOT;
		};
		19C28FACFE9D520D11CA2CBB /* Products */ = {
			isa = PBXGroup;
			children = (
				1D6058910D05DD3D006BFB54 /* FirstApp.app */,
			);
			name = Products;
			sourceTree = "<group>";
		};
		29B97314FDCFA39411CA2CEA /* CustomTemplate */ = {
			isa = PBXGroup;
			children = (
				EB87FDF41871DAF40020F90C /* config.xml */,
				EB87FDF31871DA8E0020F90C /* www */,
				EB87FDF11871DA420020F90C /* Staging */,
				301BF52D109A57CC0062928A /* CordovaLib.xcodeproj */,
				080E96DDFE201D6D7F000001 /* Classes */,
				307C750510C5A3420062BCA9 /* Plugins */,
				29B97315FDCFA39411CA2CEA /* Other Sources */,
				29B97317FDCFA39411CA2CEA /* Resources */,
				29B97323FDCFA39411CA2CEA /* Frameworks */,
				19C28FACFE9D520D11CA2CBB /* Products */,
			);
			name = CustomTemplate;
			sourceTree = "<group>";
		};
		29B97315FDCFA39411CA2CEA /* Other Sources */ = {
			isa = PBXGroup;
			children = (
				32CA4F630368D1EE00C91783 /* FirstApp-Prefix.pch */,
				29B97316FDCFA39411CA2CEA /* main.m */,
				ED33DF2A687741AEAF9F8254 /* Bridging-Header.h */,
			);
			name = "Other Sources";
			path = "FirstApp";
			sourceTree = "<group>";
		};
		29B97317FDCFA39411CA2CEA /* Resources */ = {
			isa = PBXGroup;
			children = (
				0207DA571B56EA530066E2B4 /* Images.xcassets */,
				3047A50E1AB8057F00498E2A /* config */,
				8D1107310486CEB800E47090 /* FirstApp-Info.plist */,
				6AFF5BF81D6E424B00AB3073 /* CDVLaunchScreen.storyboard */,
				5225B9FB98CE4D5F91F19794 /* CDVNotification.bundle */,
				A1AA348937564150AA2AF95D /* CDVCapture.bundle */,
			);
			name = Resources;
			path = "FirstApp/Resources";
			sourceTree = "<group>";
		};
		29B97323FDCFA39411CA2CEA /* Frameworks */ = {
			isa = PBXGroup;
			children = (
				8DCE7880D903491BAAF4F80D /* ImageIO.framework */,
				8DDD14E3E07D48F1A5D44746 /* CoreLocation.framework */,
				27A6D855B71E493381F5CB32 /* AVFoundation.framework */,
				9D71F722EBCC4CE7B3A0C3A3 /* AddressBook.framework */,
				EC2F0E24A03E42D988E4158A /* AddressBookUI.framework */,
				738E83D363CA4F00A3D3DAA8 /* libz.tbd */,
				6DD0FA9FBE0242EDA39E056B /* CoreMotion.framework */,
				CDD895560CBB4A3BAC936E90 /* AudioToolbox.framework */,
				5AB8AFA0FB164E9491CFEA95 /* SystemConfiguration.framework */,
				1F812F4D3C1F406F946408BF /* CoreTelephony.framework */,
			);
			name = Frameworks;
			sourceTree = "<group>";
		};
		301BF52E109A57CC0062928A /* Products */ = {
			isa = PBXGroup;
			children = (
				301BF535109A57CC0062928A /* libCordova.a */,
			);
			name = Products;
			sourceTree = "<group>";
		};
		3047A50E1AB8057F00498E2A /* config */ = {
			isa = PBXGroup;
			children = (
				3047A50F1AB8059700498E2A /* build-debug.xcconfig */,
				3047A5101AB8059700498E2A /* build-release.xcconfig */,
				3047A5111AB8059700498E2A /* build.xcconfig */,
			);
			name = config;
			sourceTree = "<group>";
		};
		307C750510C5A3420062BCA9 /* Plugins */ = {
			isa = PBXGroup;
			children = (
				BCE939861CAE45A78A84A4B1 /* CDVBattery.m */,
				F4F1538883804579800A1A60 /* CDVBattery.h */,
				1BC37ECDC0C949D8BABCD36C /* UIImage+CropScaleOrientation.m */,
				E5CFBCC5F00F4D62895E256D /* CDVCamera.m */,
				514B06D65F5643F6AF1CA240 /* CDVJpegHeaderWriter.m */,
				C03EC3679F02482DB5BCA771 /* UIImage+CropScaleOrientation.h */,
				FE3D1248CAEF41EFB7A8BC9F /* CDVCamera.h */,
				48280A68641143E4BAB3F73A /* CDVJpegHeaderWriter.h */,
				B23BA722F4834BFBA5DAFEF2 /* CDVExif.h */,
				8F66C4D60CAE404293ACCA1A /* CDVLogger.m */,
				9094B2421F6341C49896C9E1 /* CDVLogger.h */,
				50D4EBA6CB5445B5831BA1B1 /* CDVContacts.m */,
				F112F2D0033F4A46BD552704 /* CDVContact.m */,
				6E5961A374674412AA480EE7 /* CDVContacts.h */,
				8E4142E67C6C46EFB3FA3506 /* CDVContact.h */,
				DC227FA06F0E4381B21DA8F1 /* CDVDevice.m */,
				8D59802670E942389034A502 /* CDVDevice.h */,
				DD2F1070DA0B401F85340536 /* CDVAccelerometer.m */,
				3D4A1794789A47E18D7506AE /* CDVAccelerometer.h */,
				0716A80CF6154CBA8AE0B144 /* CDVCompass.m */,
				EAAA2159F95B4DDBA85EEC01 /* CDVCompass.h */,
				60A7BA14ABA74981BBE63CEB /* CDVNotification.m */,
				470333BFEB984EE299B9CFBA /* CDVNotification.h */,
				0C6F71B7DC4C459F904FEE0E /* CDVFile.m */,
				D754D173E69B402EBF105D5B /* CDVLocalFilesystem.m */,
				BAF86B82DA6A4F0BB4FD42F8 /* CDVAssetLibraryFilesystem.m */,
				5ABBD1C69FE844CD8A96F2F4 /* CDVFile.h */,
				B0B8FDC575FA4864BD8E7CA1 /* CDVLocalFilesystem.h */,
				FB82385CAD3D41DFB3E28428 /* CDVAssetLibraryFilesystem.h */,
				0698973CC1AD48FEB9D7F60C /* CDVFileTransfer.m */,
				6BD726832F2C4CCABF104DE7 /* CDVFileTransfer.h */,
				F25193B8989D46A68214D48A /* CDVLocation.m */,
				E6789CE298AD43F39D8DF88B /* CDVLocation.h */,
				2D63AF2A84544F4BA5CBD093 /* CDVGlobalization.m */,
				2C7C2BE563A246659E1C5B58 /* CDVGlobalization.h */,
				697C1FD797704A1CABBC3ED6 /* CDVInAppBrowser.m */,
				9C047250B566438894A8A11F /* CDVInAppBrowser.h */,
				1ADAE05722804EF98D14A22B /* CDVSound.m */,
				B1D4B6E90C0D4049B3FAC138 /* CDVSound.h */,
				8A3E612EF53B40F5BAD11248 /* CDVCapture.m */,
				2E39AD97AE9041349A718019 /* CDVCapture.h */,
				E3005732C0804FEA80439891 /* CDVConnection.m */,
				64DB242C83434C4F8DE4897B /* CDVReachability.m */,
				6A0D14BBD7C34436947DAA48 /* CDVConnection.h */,
				97F42828B4704D5991279F1C /* CDVReachability.h */,
				3B48B028F3FC4227B230F23B /* CDVSplashScreen.m */,
				41D8C7A32A4841A8AB3207CF /* CDVViewController+SplashScreen.m */,
				E8A16BCC26E94F5DA8000148 /* CDVSplashScreen.h */,
				A608046E0345414BA84A63D0 /* CDVViewController+SplashScreen.h */,
				852CBA7D8C75438F9688A334 /* CDVStatusBar.m */,
				A7F7D8D90FCE486D96B85CFD /* CDVStatusBar.h */,
				6F544E5BDB7B424B88F01B7F /* CDVVibration.m */,
				09CCDC0280134EC0A0D481CB /* CDVVibration.h */,
			);
			name = Plugins;
			path = "FirstApp/Plugins";
			sourceTree = SOURCE_ROOT;
		};
		EB87FDF11871DA420020F90C /* Staging */ = {
			isa = PBXGroup;
			children = (
				F840E1F0165FE0F500CFE078 /* config.xml */,
				301BF56E109A69640062928A /* www */,
			);
			name = Staging;
			sourceTree = "<group>";
		};
/* End PBXGroup section */

/* Begin PBXNativeTarget section */
		1D6058900D05DD3D006BFB54 /* FirstApp */ = {
			isa = PBXNativeTarget;
			buildConfigurationList = 1D6058960D05DD3E006BFB54 /* Build configuration list for PBXNativeTarget "FirstApp" */;
			buildPhases = (
				304B58A110DAC018002A0835 /* Copy www directory */,
				1D60588D0D05DD3D006BFB54 /* Resources */,
				1D60588E0D05DD3D006BFB54 /* Sources */,
				1D60588F0D05DD3D006BFB54 /* Frameworks */,
			);
			buildRules = (
			);
			dependencies = (
				301BF551109A68C00062928A /* PBXTargetDependency */,
			);
			name = "FirstApp";
			productName = "FirstApp";
			productReference = 1D6058910D05DD3D006BFB54 /* FirstApp.app */;
			productType = "com.apple.product-type.application";
		};
/* End PBXNativeTarget section */

/* Begin PBXProject section */
		29B97313FDCFA39411CA2CEA /* Project object */ = {
			isa = PBXProject;
			attributes = {
				LastUpgradeCheck = 510;
			};
			buildConfigurationList = C01FCF4E08A954540054247B /* Build configuration list for PBXProject "__NON-CLI__" */;
			compatibilityVersion = "Xcode 3.2";
			developmentRegion = English;
			hasScannedForEncodings = 1;
			mainGroup = 29B97314FDCFA39411CA2CEA /* CustomTemplate */;
			projectDirPath = "";
			projectReferences = (
				{
					ProductGroup = 301BF52E109A57CC0062928A /* Products */;
					ProjectRef = 301BF52D109A57CC0062928A /* CordovaLib.xcodeproj */;
				},
			);
			projectRoot = "";
			targets = (
				1D6058900D05DD3D006BFB54 /* FirstApp */,
			);
		};
/* End PBXProject section */

/* Begin PBXReferenceProxy section */
		301BF535109A57CC0062928A /* libCordova.a */ = {
			isa = PBXReferenceProxy;
			fileType = archive.ar;
			path = libCordova.a;
			remoteRef = 301BF534109A57CC0062928A /* PBXContainerItemProxy */;
			sourceTree = BUILT_PRODUCTS_DIR;
		};
/* End PBXReferenceProxy section */

/* Begin PBXResourcesBuildPhase section */
		1D60588D0D05DD3D006BFB54 /* Resources */ = {
			isa = PBXResourcesBuildPhase;
			buildActionMask = 2147483647;
			files = (
				302D95F214D2391D003F00A1 /* MainViewController.xib in Resources */,
				0207DA581B56EA530066E2B4 /* Images.xcassets in Resources */,
				6AFF5BF91D6E424B00AB3073 /* CDVLaunchScreen.storyboard in Resources */,
				51BD056A6E1A41F6994C47B0 /* CDVNotification.bundle in Resources */,
				326BA508506444B5AB2E65A6 /* CDVCapture.bundle in Resources */,
			);
			runOnlyForDeploymentPostprocessing = 0;
		};
/* End PBXResourcesBuildPhase section */

/* Begin PBXShellScriptBuildPhase section */
		304B58A110DAC018002A0835 /* Copy www directory */ = {
			isa = PBXShellScriptBuildPhase;
			buildActionMask = 2147483647;
			files = (
			);
			inputPaths = (
			);
			name = "Copy www directory";
			outputPaths = (
			);
			runOnlyForDeploymentPostprocessing = 0;
			shellPath = /bin/sh;
			shellScript = "NODEJS_PATH=/usr/local/bin; NVM_NODE_PATH=~/.nvm/versions/node/`nvm version 2>/dev/null`/bin; N_NODE_PATH=`find /usr/local/n/versions/node/* -maxdepth 0 -type d 2>/dev/null | tail -1`/bin; XCODE_NODE_PATH=`xcode-select --print-path`/usr/share/xcs/Node/bin; PATH=$NODEJS_PATH:$NVM_NODE_PATH:$N_NODE_PATH:$XCODE_NODE_PATH:$PATH && node cordova/lib/copy-www-build-step.js";
			showEnvVarsInLog = 0;
		};
/* End PBXShellScriptBuildPhase section */

/* Begin PBXSourcesBuildPhase section */
		1D60588E0D05DD3D006BFB54 /* Sources */ = {
			isa = PBXSourcesBuildPhase;
			buildActionMask = 2147483647;
			files = (
				1D60589B0D05DD56006BFB54 /* main.m in Sources */,
				1D3623260D0F684500981E51 /* AppDelegate.m in Sources */,
				302D95F114D2391D003F00A1 /* MainViewController.m in Sources */,
				609CDF5F0C884BB59B50A4E0 /* CDVBattery.m in Sources */,
				47A7AAE8321B460CA94F735D /* UIImage+CropScaleOrientation.m in Sources */,
				BA401CF2FF6549FA942EA6E9 /* CDVCamera.m in Sources */,
				40B28722099A4736A6D1CE87 /* CDVJpegHeaderWriter.m in Sources */,
				D615733A5BF44E63BC0628D6 /* CDVLogger.m in Sources */,
				BE0F01DDA6D443259592CA76 /* CDVContacts.m in Sources */,
				7AC478989C664F5BAE2FC470 /* CDVContact.m in Sources */,
				CD611BE892F14DDFB32DB59D /* CDVDevice.m in Sources */,
				A5B6B09211674BF89FA31CC6 /* CDVAccelerometer.m in Sources */,
				0386B09C33F846C39C5EBE86 /* CDVCompass.m in Sources */,
				7A37EB3B91074D8480E1C60E /* CDVNotification.m in Sources */,
				FE8E917494B84ACE9CBDC87C /* CDVFile.m in Sources */,
				07403EC97F174F7B90BFA8DD /* CDVLocalFilesystem.m in Sources */,
				0BBEFE3C6DBD42A889E2278B /* CDVAssetLibraryFilesystem.m in Sources */,
				F7F688324AE34601A3D72C0A /* CDVFileTransfer.m in Sources */,
				A48E9AD8666040D687312293 /* CDVLocation.m in Sources */,
				1E1CCFF8FDE4423E8AF4FDEE /* CDVGlobalization.m in Sources */,
				922308BCAAB343DDA98EB841 /* CDVInAppBrowser.m in Sources */,
				0B4B99B0162640F8B69DB30D /* CDVSound.m in Sources */,
				C6BB5F721D344862A7F1CA8F /* CDVCapture.m in Sources */,
				C2304216A40E48C58E862D56 /* CDVConnection.m in Sources */,
				C24134C4DFB542579349B8AA /* CDVReachability.m in Sources */,
				5404DA8537E04A7681242E6E /* CDVSplashScreen.m in Sources */,
				81FA9C552B6546CA8F54E645 /* CDVViewController+SplashScreen.m in Sources */,
				0CA8E9540EFA4FEDBA0B6E57 /* CDVStatusBar.m in Sources */,
				521E9C9FD49C46E58AE5B628 /* CDVVibration.m in Sources */,
			);
			runOnlyForDeploymentPostprocessing = 0;
		};
/* End PBXSourcesBuildPhase section */

/* Begin PBXTargetDependency section */
		301BF551109A68C00062928A /* PBXTargetDependency */ = {
			isa = PBXTargetDependency;
			name = CordovaLib;
			targetProxy = 301BF550109A68C00062928A /* PBXContainerItemProxy */;
		};
/* End PBXTargetDependency section */

/* Begin XCBuildConfiguration section */
		1D6058940D05DD3E006BFB54 /* Debug */ = {
			isa = XCBuildConfiguration;
			baseConfigurationReference = 3047A50F1AB8059700498E2A /* build-debug.xcconfig */;
			buildSettings = {
				ALWAYS_SEARCH_USER_PATHS = NO;
				ASSETCATALOG_COMPILER_APPICON_NAME = AppIcon;
				ASSETCATALOG_COMPILER_LAUNCHIMAGE_NAME = LaunchImage;
				CLANG_ENABLE_MODULES = YES;
				CLANG_ENABLE_OBJC_ARC = YES;
				COPY_PHASE_STRIP = NO;
				GCC_DYNAMIC_NO_PIC = NO;
				GCC_OPTIMIZATION_LEVEL = 0;
				GCC_PRECOMPILE_PREFIX_HEADER = YES;
				GCC_PREFIX_HEADER = "FirstApp/FirstApp-Prefix.pch";
				GCC_THUMB_SUPPORT = NO;
				GCC_VERSION = "";
				INFOPLIST_FILE = "FirstApp/FirstApp-Info.plist";
				IPHONEOS_DEPLOYMENT_TARGET = 8.0;
				LD_RUNPATH_SEARCH_PATHS = "@executable_path/Frameworks";
				TARGETED_DEVICE_FAMILY = "1,2";
				PRODUCT_NAME = "FirstApp";
			};
			name = Debug;
		};
		1D6058950D05DD3E006BFB54 /* Release */ = {
			isa = XCBuildConfiguration;
			baseConfigurationReference = 3047A5101AB8059700498E2A /* build-release.xcconfig */;
			buildSettings = {
				ALWAYS_SEARCH_USER_PATHS = NO;
				ASSETCATALOG_COMPILER_APPICON_NAME = AppIcon;
				ASSETCATALOG_COMPILER_LAUNCHIMAGE_NAME = LaunchImage;
				CLANG_ENABLE_MODULES = YES;
				CLANG_ENABLE_OBJC_ARC = YES;
				COPY_PHASE_STRIP = YES;
				GCC_PRECOMPILE_PREFIX_HEADER = YES;
				GCC_PREFIX_HEADER = "FirstApp/FirstApp-Prefix.pch";
				GCC_THUMB_SUPPORT = NO;
				GCC_VERSION = "";
				INFOPLIST_FILE = "FirstApp/FirstApp-Info.plist";
				IPHONEOS_DEPLOYMENT_TARGET = 8.0;
				LD_RUNPATH_SEARCH_PATHS = "@executable_path/Frameworks";
				TARGETED_DEVICE_FAMILY = "1,2";
				PRODUCT_NAME = "FirstApp";
			};
			name = Release;
		};
		C01FCF4F08A954540054247B /* Debug */ = {
			isa = XCBuildConfiguration;
			baseConfigurationReference = 3047A5111AB8059700498E2A /* build.xcconfig */;
			buildSettings = {
				CLANG_ENABLE_MODULES = YES;
				CLANG_ENABLE_OBJC_ARC = YES;
				CLANG_WARN_BOOL_CONVERSION = YES;
				CLANG_WARN_CONSTANT_CONVERSION = YES;
				CLANG_WARN_EMPTY_BODY = YES;
				CLANG_WARN_ENUM_CONVERSION = YES;
				CLANG_WARN_INT_CONVERSION = YES;
				CLANG_WARN__DUPLICATE_METHOD_MATCH = YES;
				GCC_C_LANGUAGE_STANDARD = c99;
				GCC_THUMB_SUPPORT = NO;
				GCC_VERSION = "";
				GCC_WARN_ABOUT_RETURN_TYPE = YES;
				GCC_WARN_UNDECLARED_SELECTOR = YES;
				GCC_WARN_UNINITIALIZED_AUTOS = YES;
				GCC_WARN_UNUSED_FUNCTION = YES;
				GCC_WARN_UNUSED_VARIABLE = YES;
				ONLY_ACTIVE_ARCH = YES;
				SDKROOT = iphoneos;
				SKIP_INSTALL = NO;
				ASSETCATALOG_COMPILER_LAUNCHIMAGE_NAME = LaunchImage;
			};
			name = Debug;
		};
		C01FCF5008A954540054247B /* Release */ = {
			isa = XCBuildConfiguration;
			baseConfigurationReference = 3047A5111AB8059700498E2A /* build.xcconfig */;
			buildSettings = {
				CLANG_ENABLE_MODULES = YES;
				CLANG_ENABLE_OBJC_ARC = YES;
				CLANG_WARN_BOOL_CONVERSION = YES;
				CLANG_WARN_CONSTANT_CONVERSION = YES;
				CLANG_WARN_EMPTY_BODY = YES;
				CLANG_WARN_ENUM_CONVERSION = YES;
				CLANG_WARN_INT_CONVERSION = YES;
				CLANG_WARN__DUPLICATE_METHOD_MATCH = YES;
				GCC_C_LANGUAGE_STANDARD = c99;
				GCC_THUMB_SUPPORT = NO;
				GCC_VERSION = "";
				GCC_WARN_ABOUT_RETURN_TYPE = YES;
				GCC_WARN_UNDECLARED_SELECTOR = YES;
				GCC_WARN_UNINITIALIZED_AUTOS = YES;
				GCC_WARN_UNUSED_FUNCTION = YES;
				GCC_WARN_UNUSED_VARIABLE = YES;
				SDKROOT = iphoneos;
				SKIP_INSTALL = NO;
				ASSETCATALOG_COMPILER_LAUNCHIMAGE_NAME = LaunchImage;
			};
			name = Release;
		};
/* End XCBuildConfiguration section */

/* Begin XCConfigurationList section */
		1D6058960D05DD3E006BFB54 /* Build configuration list for PBXNativeTarget "FirstApp" */ = {
			isa = XCConfigurationList;
			buildConfigurations = (
				1D6058940D05DD3E006BFB54 /* Debug */,
				1D6058950D05DD3E006BFB54 /* Release */,
			);
			defaultConfigurationIsVisible = 0;
			defaultConfigurationName = Release;
		};
		C01FCF4E08A954540054247B /* Build configuration list for PBXProject "__NON-CLI__" */ = {
			isa = XCConfigurationList;
			buildConfigurations = (
				C01FCF4F08A954540054247B /* Debug */,
				C01FCF5008A954540054247B /* Release */,
			);
			defaultConfigurationIsVisible = 0;
			defaultConfigurationName = Release;
		};
/* End XCConfigurationList section */
	};
	rootObject = 29B97313FDCFA39411CA2CEA /* Project object */;
}
